{
  "name": "realtime.jser.info",
  "version": "1.0.0",
  "lockfileVersion": 1,
  "requires": true,
  "dependencies": {
    "argparse": {
      "version": "1.0.9",
      "resolved": "https://registry.npmjs.org/argparse/-/argparse-1.0.9.tgz",
      "integrity": "sha1-c9g7wmP4bpf4zE9rrhsOkKfSLIY=",
      "requires": {
        "sprintf-js": "1.0.3"
      }
    },
    "emoji-text": {
      "version": "0.2.6",
      "resolved": "https://registry.npmjs.org/emoji-text/-/emoji-text-0.2.6.tgz",
      "integrity": "sha1-kx6DOpj6zJSfPYBX3IqENjyLuPg=",
      "requires": {
        "wemoji": "0.1.9"
      }
    },
    "esprima": {
      "version": "3.1.3",
      "resolved": "https://registry.npmjs.org/esprima/-/esprima-3.1.3.tgz",
      "integrity": "sha1-/cpRzuYTOJXjyI1TXOSdv/YqRjM="
    },
    "js-yaml": {
      "version": "3.8.4",
      "resolved": "https://registry.npmjs.org/js-yaml/-/js-yaml-3.8.4.tgz",
      "integrity": "sha1-UgtFZPhlc7qWZir4Woyvp7S1pvY=",
      "requires": {
        "argparse": "1.0.9",
        "esprima": "3.1.3"
      }
    },
    "moment": {
      "version": "2.18.1",
      "resolved": "https://registry.npmjs.org/moment/-/moment-2.18.1.tgz",
      "integrity": "sha1-w2GT3Tzhwu7SrbfIAtu8d6gbHA8="
    },
    "slugg": {
      "version": "1.2.1",
      "resolved": "https://registry.npmjs.org/slugg/-/slugg-1.2.1.tgz",
      "integrity": "sha1-51KvIkGvPycURjxd4iXOpHYIdAo="
    },
    "sprintf-js": {
      "version": "1.0.3",
      "resolved": "https://registry.npmjs.org/sprintf-js/-/sprintf-js-1.0.3.tgz",
      "integrity": "sha1-BOaSb2YolTVPPdAVIDYzuFcpfiw="
    },
    "wemoji": {
      "version": "0.1.9",
      "resolved": "https://registry.npmjs.org/wemoji/-/wemoji-0.1.9.tgz",
      "integrity": "sha1-QHSo2p6CdWVNwfKwVe3x3A2wM0I="
    }
  }
}
